
Microsoft Visual Studio Solution File, Format Version 12.00
# Visual Studio Version 17
VisualStudioVersion = 17.4.33205.214
MinimumVisualStudioVersion = 10.0.40219.1
Project("{9A19103F-16F7-4668-BE54-9A1E7A4F7556}") = "my-notesapp", "my-notesapp.csproj", "{F3137BD9-9EC6-4D92-B961-16F118B51F54}"
EndProject
Global
	GlobalSection(SolutionConfigurationPlatforms) = preSolution
		Debug|Any CPU = Debug|Any CPU
		Release|Any CPU = Release|Any CPU
	EndGlobalSection
	GlobalSection(ProjectConfigurationPlatforms) = postSolution
		{F3137BD9-9EC6-4D92-B961-16F118B51F54}.Debug|Any CPU.ActiveCfg = Debug|Any CPU
		{F3137BD9-9EC6-4D92-B961-16F118B51F54}.Debug|Any CPU.Build.0 = Debug|Any CPU
		{F3137BD9-9EC6-4D92-B961-16F118B51F54}.Release|Any CPU.ActiveCfg = Release|Any CPU
		{F3137BD9-9EC6-4D92-B961-16F118B51F54}.Release|Any CPU.Build.0 = Release|Any CPU
	EndGlobalSection
	GlobalSection(SolutionProperties) = preSolution
		HideSolutionNode = FALSE
	EndGlobalSection
	GlobalSection(ExtensibilityGlobals) = postSolution
		SolutionGuid = {19939C9F-C3D8-418D-9B49-E09F48825239}
	EndGlobalSection
EndGlobal
